# THIS IS AN AUTOGENERATED FILE. DO NOT EDIT THIS FILE DIRECTLY.
# yarn lockfile v1


"@angular/forms@^13.3.4":
  version "13.3.4"
  resolved "https://registry.yarnpkg.com/@angular/forms/-/forms-13.3.4.tgz#89650c4335f09a1e2da596cee71342eaf6cdf664"
  integrity sha512-QHyUXOKYITysaJJ4VnmBacE69oz0rw4G7Y2lhPb2V3a1XsWeO61SZEeGMfAWo7sLoDvi2MCEWNEhl1du4dK14A==
  dependencies:
    tslib "^2.3.0"

tslib@^2.3.0:
  version "2.3.1"
  resolved "https://registry.yarnpkg.com/tslib/-/tslib-2.3.1.tgz#e8a335add5ceae51aa261d32a490158ef042ef01"
  integrity sha512-77EbyPPpMz+FRFRuAFlWMtmgUWGe9UOG2Z25NqCwiIjRhOf5iKGuzSe5P2w1laq+FkRy4p+PCuVkJSGkzTEKVw==
